<?xml version="1.0" encoding="utf-8"?>
<Project ToolsVersion="4.0" xmlns="http://schemas.microsoft.com/developer/msbuild/2003">
  <ItemGroup>
    <Filter Include="Source Files">
      <UniqueIdentifier>{4FC737F1-C7A5-4376-A066-2A32D752A2FF}</UniqueIdentifier>
      <Extensions>cpp;c;cc;cxx;def;odl;idl;hpj;bat;asm;asmx</Extensions>
    </Filter>
    <Filter Include="Header Files">
      <UniqueIdentifier>{93995380-89BD-4b04-88EB-625FBE52EBFB}</UniqueIdentifier>
      <Extensions>h;hh;hpp;hxx;hm;inl;inc;xsd</Extensions>
    </Filter>
    <Filter Include="Resource Files">
      <UniqueIdentifier>{67DA6AB6-F800-4c08-8B7A-83BB121AAD01}</UniqueIdentifier>
      <Extensions>rc;ico;cur;bmp;dlg;rc2;rct;bin;rgs;gif;jpg;jpeg;jpe;resx;tiff;tif;png;wav</Extensions>
    </Filter>
  </ItemGroup>
  <ItemGroup>
    <ClCompile Include="..\modselector\utils.c">
      <Filter>Source Files</Filter>
    </ClCompile>
    <ClCompile Include="..\modselector\main.c">
      <Filter>Source Files</Filter>
    </ClCompile>
    <ClCompile Include="..\vgui_support\vgui_font.cpp">
      <Filter>Source Files</Filter>
    </ClCompile>
    <ClCompile Include="..\vgui_support\vgui_input.cpp">
      <Filter>Source Files</Filter>
    </ClCompile>
    <ClCompile Include="..\vgui_support\vgui_surf.cpp">
      <Filter>Source Files</Filter>
    </ClCompile>
    <ClCompile Include="..\vgui_support\vgui_int.cpp">
      <Filter>Source Files</Filter>
    </ClCompile>
    <ClCompile Include="..\vgui_support\vgui_clip.cpp">
      <Filter>Source Files</Filter>
    </ClCompile>
    <ClCompile Include="..\engine\platform\win32\con_win.c">
      <Filter>Source Files</Filter>
    </ClCompile>
    <ClCompile Include="..\engine\platform\sdl\vid_sdl_nanogl.c">
      <Filter>Source Files</Filter>
    </ClCompile>
    <ClCompile Include="..\engine\platform\sdl\snd_sdl.c">
      <Filter>Source Files</Filter>
    </ClCompile>
    <ClCompile Include="..\engine\platform\sdl\events.c">
      <Filter>Source Files</Filter>
    </ClCompile>
    <ClCompile Include="..\engine\platform\sdl\vid_sdl.c">
      <Filter>Source Files</Filter>
    </ClCompile>
    <ClCompile Include="..\engine\platform\vita\snd_vita.c">
      <Filter>Source Files</Filter>
    </ClCompile>
    <ClCompile Include="..\engine\platform\vita\vid_vita.c">
      <Filter>Source Files</Filter>
    </ClCompile>
    <ClCompile Include="..\engine\platform\vita\in_vita.c">
      <Filter>Source Files</Filter>
    </ClCompile>
    <ClCompile Include="..\engine\platform\vita\dll_vita.c">
      <Filter>Source Files</Filter>
    </ClCompile>
    <ClCompile Include="..\engine\platform\android\dlsym-weak.cpp">
      <Filter>Source Files</Filter>
    </ClCompile>
    <ClCompile Include="..\engine\platform\android\android.c">
      <Filter>Source Files</Filter>
    </ClCompile>
    <ClCompile Include="..\engine\platform\android\snd_opensles.c">
      <Filter>Source Files</Filter>
    </ClCompile>
    <ClCompile Include="..\engine\platform\android\vid_android.c">
      <Filter>Source Files</Filter>
    </ClCompile>
    <ClCompile Include="..\engine\platform\android\android_nosdl.c">
      <Filter>Source Files</Filter>
    </ClCompile>
    <ClCompile Include="..\engine\client\joyinput.c">
      <Filter>Source Files</Filter>
    </ClCompile>
    <ClCompile Include="..\engine\client\gl_rlight.c">
      <Filter>Source Files</Filter>
    </ClCompile>
    <ClCompile Include="..\engine\client\cl_frame.c">
      <Filter>Source Files</Filter>
    </ClCompile>
    <ClCompile Include="..\engine\client\cl_cmds.c">
      <Filter>Source Files</Filter>
    </ClCompile>
    <ClCompile Include="..\engine\client\s_load.c">
      <Filter>Source Files</Filter>
    </ClCompile>
    <ClCompile Include="..\engine\client\s_mix.c">
      <Filter>Source Files</Filter>
    </ClCompile>
    <ClCompile Include="..\engine\client\cl_tent.c">
      <Filter>Source Files</Filter>
    </ClCompile>
    <ClCompile Include="..\engine\client\keys.c">
      <Filter>Source Files</Filter>
    </ClCompile>
    <ClCompile Include="..\engine\client\cl_remap.c">
      <Filter>Source Files</Filter>
    </ClCompile>
    <ClCompile Include="..\engine\client\gl_warp.c">
      <Filter>Source Files</Filter>
    </ClCompile>
    <ClCompile Include="..\engine\client\cl_pmove.c">
      <Filter>Source Files</Filter>
    </ClCompile>
    <ClCompile Include="..\engine\client\cl_view.c">
      <Filter>Source Files</Filter>
    </ClCompile>
    <ClCompile Include="..\engine\client\cl_parse.c">
      <Filter>Source Files</Filter>
    </ClCompile>
    <ClCompile Include="..\engine\client\console.c">
      <Filter>Source Files</Filter>
    </ClCompile>
    <ClCompile Include="..\engine\client\gl_cull.c">
      <Filter>Source Files</Filter>
    </ClCompile>
    <ClCompile Include="..\engine\client\gl_draw.c">
      <Filter>Source Files</Filter>
    </ClCompile>
    <ClCompile Include="..\engine\client\gl_backend.c">
      <Filter>Source Files</Filter>
    </ClCompile>
    <ClCompile Include="..\engine\client\cl_events.c">
      <Filter>Source Files</Filter>
    </ClCompile>
    <ClCompile Include="..\engine\client\s_main.c">
      <Filter>Source Files</Filter>
    </ClCompile>
    <ClCompile Include="..\engine\client\input_evdevkey.c">
      <Filter>Source Files</Filter>
    </ClCompile>
    <ClCompile Include="..\engine\client\gl_rsurf.c">
      <Filter>Source Files</Filter>
    </ClCompile>
    <ClCompile Include="..\engine\client\gl_beams.c">
      <Filter>Source Files</Filter>
    </ClCompile>
    <ClCompile Include="..\engine\client\gl_mirror.c">
      <Filter>Source Files</Filter>
    </ClCompile>
    <ClCompile Include="..\engine\client\gl_image.c">
      <Filter>Source Files</Filter>
    </ClCompile>
    <ClCompile Include="..\engine\client\cl_mobile.c">
      <Filter>Source Files</Filter>
    </ClCompile>
    <ClCompile Include="..\engine\client\cl_menu.c">
      <Filter>Source Files</Filter>
    </ClCompile>
    <ClCompile Include="..\engine\client\cl_main.c">
      <Filter>Source Files</Filter>
    </ClCompile>
    <ClCompile Include="..\engine\client\gl_studio.c">
      <Filter>Source Files</Filter>
    </ClCompile>
    <ClCompile Include="..\engine\client\cl_video.c">
      <Filter>Source Files</Filter>
    </ClCompile>
    <ClCompile Include="..\engine\client\vid_common.c">
      <Filter>Source Files</Filter>
    </ClCompile>
    <ClCompile Include="..\engine\client\touch.c">
      <Filter>Source Files</Filter>
    </ClCompile>
    <ClCompile Include="..\engine\client\input.c">
      <Filter>Source Files</Filter>
    </ClCompile>
    <ClCompile Include="..\engine\client\gl_refrag.c">
      <Filter>Source Files</Filter>
    </ClCompile>
    <ClCompile Include="..\engine\client\s_utils.c">
      <Filter>Source Files</Filter>
    </ClCompile>
    <ClCompile Include="..\engine\client\gl_rmath.c">
      <Filter>Source Files</Filter>
    </ClCompile>
    <ClCompile Include="..\engine\client\gl_rmisc.c">
      <Filter>Source Files</Filter>
    </ClCompile>
    <ClCompile Include="..\engine\client\cl_demo.c">
      <Filter>Source Files</Filter>
    </ClCompile>
    <ClCompile Include="..\engine\client\s_dsp.c">
      <Filter>Source Files</Filter>
    </ClCompile>
    <ClCompile Include="..\engine\client\s_vox.c">
      <Filter>Source Files</Filter>
    </ClCompile>
    <ClCompile Include="..\engine\client\s_mouth.c">
      <Filter>Source Files</Filter>
    </ClCompile>
    <ClCompile Include="..\engine\client\cl_game.c">
      <Filter>Source Files</Filter>
    </ClCompile>
    <ClCompile Include="..\engine\client\gamma.c">
      <Filter>Source Files</Filter>
    </ClCompile>
    <ClCompile Include="..\engine\client\s_stub.c">
      <Filter>Source Files</Filter>
    </ClCompile>
    <ClCompile Include="..\engine\client\gl_rpart.c">
      <Filter>Source Files</Filter>
    </ClCompile>
    <ClCompile Include="..\engine\client\gl_sprite.c">
      <Filter>Source Files</Filter>
    </ClCompile>
    <ClCompile Include="..\engine\client\gl_decals.c">
      <Filter>Source Files</Filter>
    </ClCompile>
    <ClCompile Include="..\engine\client\cl_scrn.c">
      <Filter>Source Files</Filter>
    </ClCompile>
    <ClCompile Include="..\engine\client\gl_rmain.c">
      <Filter>Source Files</Filter>
    </ClCompile>
    <ClCompile Include="..\engine\client\s_stream.c">
      <Filter>Source Files</Filter>
    </ClCompile>
    <ClCompile Include="..\engine\client\vgui\vgui_draw.c">
      <Filter>Source Files</Filter>
    </ClCompile>
    <ClCompile Include="..\engine\common\pm_surface.c">
      <Filter>Source Files</Filter>
    </ClCompile>
    <ClCompile Include="..\engine\common\con_utils.c">
      <Filter>Source Files</Filter>
    </ClCompile>
    <ClCompile Include="..\engine\common\cvar.c">
      <Filter>Source Files</Filter>
    </ClCompile>
    <ClCompile Include="..\engine\common\matrixlib.c">
      <Filter>Source Files</Filter>
    </ClCompile>
    <ClCompile Include="..\engine\common\infostring.c">
      <Filter>Source Files</Filter>
    </ClCompile>
    <ClCompile Include="..\engine\common\mathlib.c">
      <Filter>Source Files</Filter>
    </ClCompile>
    <ClCompile Include="..\engine\common\filesystem.c">
      <Filter>Source Files</Filter>
    </ClCompile>
    <ClCompile Include="..\engine\common\crtlib.c">
      <Filter>Source Files</Filter>
    </ClCompile>
    <ClCompile Include="..\engine\common\host.c">
      <Filter>Source Files</Filter>
    </ClCompile>
    <ClCompile Include="..\engine\common\identification.c">
      <Filter>Source Files</Filter>
    </ClCompile>
    <ClCompile Include="..\engine\common\hpak.c">
      <Filter>Source Files</Filter>
    </ClCompile>
    <ClCompile Include="..\engine\common\build.c">
      <Filter>Source Files</Filter>
    </ClCompile>
    <ClCompile Include="..\engine\common\library.c">
      <Filter>Source Files</Filter>
    </ClCompile>
    <ClCompile Include="..\engine\common\titles.c">
      <Filter>Source Files</Filter>
    </ClCompile>
    <ClCompile Include="..\engine\common\zone.c">
      <Filter>Source Files</Filter>
    </ClCompile>
    <ClCompile Include="..\engine\common\net_buffer.c">
      <Filter>Source Files</Filter>
    </ClCompile>
    <ClCompile Include="..\engine\common\cfgscript.c">
      <Filter>Source Files</Filter>
    </ClCompile>
    <ClCompile Include="..\engine\common\cmd.c">
      <Filter>Source Files</Filter>
    </ClCompile>
    <ClCompile Include="..\engine\common\net_chan.c">
      <Filter>Source Files</Filter>
    </ClCompile>
    <ClCompile Include="..\engine\common\net_encode.c">
      <Filter>Source Files</Filter>
    </ClCompile>
    <ClCompile Include="..\engine\common\random.c">
      <Filter>Source Files</Filter>
    </ClCompile>
    <ClCompile Include="..\engine\common\common.c">
      <Filter>Source Files</Filter>
    </ClCompile>
    <ClCompile Include="..\engine\common\crashhandler.c">
      <Filter>Source Files</Filter>
    </ClCompile>
    <ClCompile Include="..\engine\common\dedicated.c">
      <Filter>Source Files</Filter>
    </ClCompile>
    <ClCompile Include="..\engine\common\network.c">
      <Filter>Source Files</Filter>
    </ClCompile>
    <ClCompile Include="..\engine\common\crclib.c">
      <Filter>Source Files</Filter>
    </ClCompile>
    <ClCompile Include="..\engine\common\pm_trace.c">
      <Filter>Source Files</Filter>
    </ClCompile>
    <ClCompile Include="..\engine\common\mod_studio.c">
      <Filter>Source Files</Filter>
    </ClCompile>
    <ClCompile Include="..\engine\common\avikit.c">
      <Filter>Source Files</Filter>
    </ClCompile>
    <ClCompile Include="..\engine\common\launcher.c">
      <Filter>Source Files</Filter>
    </ClCompile>
    <ClCompile Include="..\engine\common\Sequence.c">
      <Filter>Source Files</Filter>
    </ClCompile>
    <ClCompile Include="..\engine\common\model.c">
      <Filter>Source Files</Filter>
    </ClCompile>
    <ClCompile Include="..\engine\common\net_huff.c">
      <Filter>Source Files</Filter>
    </ClCompile>
    <ClCompile Include="..\engine\common\base_cmd.c">
      <Filter>Source Files</Filter>
    </ClCompile>
    <ClCompile Include="..\engine\common\world.c">
      <Filter>Source Files</Filter>
    </ClCompile>
    <ClCompile Include="..\engine\common\system.c">
      <Filter>Source Files</Filter>
    </ClCompile>
    <ClCompile Include="..\engine\common\sys_con.c">
      <Filter>Source Files</Filter>
    </ClCompile>
    <ClCompile Include="..\engine\common\imagelib\img_main.c">
      <Filter>Source Files</Filter>
    </ClCompile>
    <ClCompile Include="..\engine\common\imagelib\img_utils.c">
      <Filter>Source Files</Filter>
    </ClCompile>
    <ClCompile Include="..\engine\common\imagelib\img_bmp.c">
      <Filter>Source Files</Filter>
    </ClCompile>
    <ClCompile Include="..\engine\common\imagelib\img_quant.c">
      <Filter>Source Files</Filter>
    </ClCompile>
    <ClCompile Include="..\engine\common\imagelib\img_tga.c">
      <Filter>Source Files</Filter>
    </ClCompile>
    <ClCompile Include="..\engine\common\imagelib\img_wad.c">
      <Filter>Source Files</Filter>
    </ClCompile>
    <ClCompile Include="..\engine\common\imagelib\img_dds.c">
      <Filter>Source Files</Filter>
    </ClCompile>
    <ClCompile Include="..\engine\common\soundlib\snd_utils.c">
      <Filter>Source Files</Filter>
    </ClCompile>
    <ClCompile Include="..\engine\common\soundlib\snd_wav.c">
      <Filter>Source Files</Filter>
    </ClCompile>
    <ClCompile Include="..\engine\common\soundlib\snd_main.c">
      <Filter>Source Files</Filter>
    </ClCompile>
    <ClCompile Include="..\engine\common\soundlib\snd_mp3.c">
      <Filter>Source Files</Filter>
    </ClCompile>
    <ClCompile Include="..\engine\common\soundlib\libmpg\interface.c">
      <Filter>Source Files</Filter>
    </ClCompile>
    <ClCompile Include="..\engine\common\soundlib\libmpg\tabinit.c">
      <Filter>Source Files</Filter>
    </ClCompile>
    <ClCompile Include="..\engine\common\soundlib\libmpg\layer2.c">
      <Filter>Source Files</Filter>
    </ClCompile>
    <ClCompile Include="..\engine\common\soundlib\libmpg\common.c">
      <Filter>Source Files</Filter>
    </ClCompile>
    <ClCompile Include="..\engine\common\soundlib\libmpg\dct64_i386.c">
      <Filter>Source Files</Filter>
    </ClCompile>
    <ClCompile Include="..\engine\common\soundlib\libmpg\layer3.c">
      <Filter>Source Files</Filter>
    </ClCompile>
    <ClCompile Include="..\engine\common\soundlib\libmpg\decode_i386.c">
      <Filter>Source Files</Filter>
    </ClCompile>
    <ClCompile Include="..\engine\server\sv_pmove.c">
      <Filter>Source Files</Filter>
    </ClCompile>
    <ClCompile Include="..\engine\server\sv_init.c">
      <Filter>Source Files</Filter>
    </ClCompile>
    <ClCompile Include="..\engine\server\sv_world.c">
      <Filter>Source Files</Filter>
    </ClCompile>
    <ClCompile Include="..\engine\server\sv_save.c">
      <Filter>Source Files</Filter>
    </ClCompile>
    <ClCompile Include="..\engine\server\sv_phys.c">
      <Filter>Source Files</Filter>
    </ClCompile>
    <ClCompile Include="..\engine\server\sv_frame.c">
      <Filter>Source Files</Filter>
    </ClCompile>
    <ClCompile Include="..\engine\server\sv_client.c">
      <Filter>Source Files</Filter>
    </ClCompile>
    <ClCompile Include="..\engine\server\sv_main.c">
      <Filter>Source Files</Filter>
    </ClCompile>
    <ClCompile Include="..\engine\server\sv_log.c">
      <Filter>Source Files</Filter>
    </ClCompile>
    <ClCompile Include="..\engine\server\sv_move.c">
      <Filter>Source Files</Filter>
    </ClCompile>
    <ClCompile Include="..\engine\server\sv_game.c">
      <Filter>Source Files</Filter>
    </ClCompile>
    <ClCompile Include="..\engine\server\sv_cmds.c">
      <Filter>Source Files</Filter>
    </ClCompile>
    <ClCompile Include="..\engine\server\sv_custom.c">
      <Filter>Source Files</Filter>
    </ClCompile>
    <ClCompile Include="..\mainui\menu_loadgame.cpp">
      <Filter>Source Files</Filter>
    </ClCompile>
    <ClCompile Include="..\mainui\menu_main.cpp">
      <Filter>Source Files</Filter>
    </ClCompile>
    <ClCompile Include="..\mainui\menu_saveload.cpp">
      <Filter>Source Files</Filter>
    </ClCompile>
    <ClCompile Include="..\mainui\menu_btns.cpp">
      <Filter>Source Files</Filter>
    </ClCompile>
    <ClCompile Include="..\mainui\utils.cpp">
      <Filter>Source Files</Filter>
    </ClCompile>
    <ClCompile Include="..\mainui\menu_configuration.cpp">
      <Filter>Source Files</Filter>
    </ClCompile>
    <ClCompile Include="..\mainui\menu_controls.cpp">
      <Filter>Source Files</Filter>
    </ClCompile>
    <ClCompile Include="..\mainui\menu_newgame.cpp">
      <Filter>Source Files</Filter>
    </ClCompile>
    <ClCompile Include="..\mainui\menu_playersetup.cpp">
      <Filter>Source Files</Filter>
    </ClCompile>
    <ClCompile Include="..\mainui\menu_vidoptions.cpp">
      <Filter>Source Files</Filter>
    </ClCompile>
    <ClCompile Include="..\mainui\menu_multiplayer.cpp">
      <Filter>Source Files</Filter>
    </ClCompile>
    <ClCompile Include="..\mainui\menu_savegame.cpp">
      <Filter>Source Files</Filter>
    </ClCompile>
    <ClCompile Include="..\mainui\menu_advcontrols.cpp">
      <Filter>Source Files</Filter>
    </ClCompile>
    <ClCompile Include="..\mainui\menu_touch.cpp">
      <Filter>Source Files</Filter>
    </ClCompile>
    <ClCompile Include="..\mainui\menu_touchbuttons.cpp">
      <Filter>Source Files</Filter>
    </ClCompile>
    <ClCompile Include="..\mainui\menu_internetgames.cpp">
      <Filter>Source Files</Filter>
    </ClCompile>
    <ClCompile Include="..\mainui\menu_creategame.cpp">
      <Filter>Source Files</Filter>
    </ClCompile>
    <ClCompile Include="..\mainui\menu_credits.cpp">
      <Filter>Source Files</Filter>
    </ClCompile>
    <ClCompile Include="..\mainui\menu_video.cpp">
      <Filter>Source Files</Filter>
    </ClCompile>
    <ClCompile Include="..\mainui\menu_strings.cpp">
      <Filter>Source Files</Filter>
    </ClCompile>
    <ClCompile Include="..\mainui\menu_audio.cpp">
      <Filter>Source Files</Filter>
    </ClCompile>
    <ClCompile Include="..\mainui\menu_gameoptions.cpp">
      <Filter>Source Files</Filter>
    </ClCompile>
    <ClCompile Include="..\mainui\basemenu.cpp">
      <Filter>Source Files</Filter>
    </ClCompile>
    <ClCompile Include="..\mainui\menu_vidmodes.cpp">
      <Filter>Source Files</Filter>
    </ClCompile>
    <ClCompile Include="..\mainui\menu_touchedit.cpp">
      <Filter>Source Files</Filter>
    </ClCompile>
    <ClCompile Include="..\mainui\udll_int.cpp">
      <Filter>Source Files</Filter>
    </ClCompile>
    <ClCompile Include="..\mainui\menu_filedialog.cpp">
      <Filter>Source Files</Filter>
    </ClCompile>
    <ClCompile Include="..\mainui\menu_touchoptions.cpp">
      <Filter>Source Files</Filter>
    </ClCompile>
    <ClCompile Include="..\mainui\ui_title_anim.cpp">
      <Filter>Source Files</Filter>
    </ClCompile>
    <ClCompile Include="..\mainui\menu_langame.cpp">
      <Filter>Source Files</Filter>
    </ClCompile>
    <ClCompile Include="..\mainui\menu_gamepad.cpp">
      <Filter>Source Files</Filter>
    </ClCompile>
    <ClCompile Include="..\mainui\menu_customgame.cpp">
      <Filter>Source Files</Filter>
    </ClCompile>
    <ClCompile Include="..\mainui\legacy\menu_playdemo.cpp">
      <Filter>Source Files</Filter>
    </ClCompile>
    <ClCompile Include="..\mainui\legacy\menu_playrec.cpp">
      <Filter>Source Files</Filter>
    </ClCompile>
    <ClCompile Include="..\mainui\legacy\menu_recdemo.cpp">
      <Filter>Source Files</Filter>
    </ClCompile>
  </ItemGroup>
  <ItemGroup>
    <ClInclude Include="..\pm_shared\pm_shared.h">
      <Filter>Header Files</Filter>
    </ClInclude>
    <ClInclude Include="..\pm_shared\pm_defs.h">
      <Filter>Header Files</Filter>
    </ClInclude>
    <ClInclude Include="..\pm_shared\pm_info.h">
      <Filter>Header Files</Filter>
    </ClInclude>
    <ClInclude Include="..\pm_shared\pm_materials.h">
      <Filter>Header Files</Filter>
    </ClInclude>
    <ClInclude Include="..\pm_shared\pm_debug.h">
      <Filter>Header Files</Filter>
    </ClInclude>
    <ClInclude Include="..\pm_shared\pm_movevars.h">
      <Filter>Header Files</Filter>
    </ClInclude>
    <ClInclude Include="..\modselector\charwidths.h">
      <Filter>Header Files</Filter>
    </ClInclude>
    <ClInclude Include="..\modselector\utils.h">
      <Filter>Header Files</Filter>
    </ClInclude>
    <ClInclude Include="..\vgui_support\utlrbtree.h">
      <Filter>Header Files</Filter>
    </ClInclude>
    <ClInclude Include="..\vgui_support\utlmemory.h">
      <Filter>Header Files</Filter>
    </ClInclude>
    <ClInclude Include="..\vgui_support\vgui_main.h">
      <Filter>Header Files</Filter>
    </ClInclude>
    <ClInclude Include="..\vgui_support\utlvector.h">
      <Filter>Header Files</Filter>
    </ClInclude>
    <ClInclude Include="..\engine\mobility_int.h">
      <Filter>Header Files</Filter>
    </ClInclude>
    <ClInclude Include="..\engine\menu_int.h">
      <Filter>Header Files</Filter>
    </ClInclude>
    <ClInclude Include="..\engine\cdll_exp.h">
      <Filter>Header Files</Filter>
    </ClInclude>
    <ClInclude Include="..\engine\keydefs.h">
      <Filter>Header Files</Filter>
    </ClInclude>
    <ClInclude Include="..\engine\warpsin.h">
      <Filter>Header Files</Filter>
    </ClInclude>
    <ClInclude Include="..\engine\customentity.h">
      <Filter>Header Files</Filter>
    </ClInclude>
    <ClInclude Include="..\engine\progdefs.h">
      <Filter>Header Files</Filter>
    </ClInclude>
    <ClInclude Include="..\engine\cdll_int.h">
      <Filter>Header Files</Filter>
    </ClInclude>
    <ClInclude Include="..\engine\custom.h">
      <Filter>Header Files</Filter>
    </ClInclude>
    <ClInclude Include="..\engine\sprite.h">
      <Filter>Header Files</Filter>
    </ClInclude>
    <ClInclude Include="..\engine\edict.h">
      <Filter>Header Files</Filter>
    </ClInclude>
    <ClInclude Include="..\engine\studio.h">
      <Filter>Header Files</Filter>
    </ClInclude>
    <ClInclude Include="..\engine\Sequence.h">
      <Filter>Header Files</Filter>
    </ClInclude>
    <ClInclude Include="..\engine\shake.h">
      <Filter>Header Files</Filter>
    </ClInclude>
    <ClInclude Include="..\engine\eiface.h">
      <Filter>Header Files</Filter>
    </ClInclude>
    <ClInclude Include="..\engine\anorms.h">
      <Filter>Header Files</Filter>
    </ClInclude>
    <ClInclude Include="..\engine\physint.h">
      <Filter>Header Files</Filter>
    </ClInclude>
    <ClInclude Include="..\engine\platform\sdl\events.h">
      <Filter>Header Files</Filter>
    </ClInclude>
    <ClInclude Include="..\engine\platform\vita\vid_vita.h">
      <Filter>Header Files</Filter>
    </ClInclude>
    <ClInclude Include="..\engine\platform\vita\gl_stubs.h">
      <Filter>Header Files</Filter>
    </ClInclude>
    <ClInclude Include="..\engine\platform\vita\gl_mangle.h">
      <Filter>Header Files</Filter>
    </ClInclude>
    <ClInclude Include="..\engine\platform\vita\in_vita.h">
      <Filter>Header Files</Filter>
    </ClInclude>
    <ClInclude Include="..\engine\platform\vita\dll_vita.h">
      <Filter>Header Files</Filter>
    </ClInclude>
    <ClInclude Include="..\engine\platform\android\dlsym-weak.h">
      <Filter>Header Files</Filter>
    </ClInclude>
    <ClInclude Include="..\engine\platform\android\android-main.h">
      <Filter>Header Files</Filter>
    </ClInclude>
    <ClInclude Include="..\engine\platform\android\gl_mangle.h">
      <Filter>Header Files</Filter>
    </ClInclude>
    <ClInclude Include="..\engine\platform\android\linker.h">
      <Filter>Header Files</Filter>
    </ClInclude>
    <ClInclude Include="..\engine\client\joyinput.h">
      <Filter>Header Files</Filter>
    </ClInclude>
    <ClInclude Include="..\engine\client\client.h">
      <Filter>Header Files</Filter>
    </ClInclude>
    <ClInclude Include="..\engine\client\vox.h">
      <Filter>Header Files</Filter>
    </ClInclude>
    <ClInclude Include="..\engine\client\anorm_dots.h">
      <Filter>Header Files</Filter>
    </ClInclude>
    <ClInclude Include="..\engine\client\input.h">
      <Filter>Header Files</Filter>
    </ClInclude>
    <ClInclude Include="..\engine\client\sound.h">
      <Filter>Header Files</Filter>
    </ClInclude>
    <ClInclude Include="..\engine\client\cl_tent.h">
      <Filter>Header Files</Filter>
    </ClInclude>
    <ClInclude Include="..\engine\client\gl_vidnt.h">
      <Filter>Header Files</Filter>
    </ClInclude>
    <ClInclude Include="..\engine\client\gl_local.h">
      <Filter>Header Files</Filter>
    </ClInclude>
    <ClInclude Include="..\engine\client\touch.h">
      <Filter>Header Files</Filter>
    </ClInclude>
    <ClInclude Include="..\engine\client\gl_export.h">
      <Filter>Header Files</Filter>
    </ClInclude>
    <ClInclude Include="..\engine\client\vgui\vgui_api.h">
      <Filter>Header Files</Filter>
    </ClInclude>
    <ClInclude Include="..\engine\client\vgui\vgui_draw.h">
      <Filter>Header Files</Filter>
    </ClInclude>
    <ClInclude Include="..\engine\common\system.h">
      <Filter>Header Files</Filter>
    </ClInclude>
    <ClInclude Include="..\engine\common\net_buffer.h">
      <Filter>Header Files</Filter>
    </ClInclude>
    <ClInclude Include="..\engine\common\net_encode.h">
      <Filter>Header Files</Filter>
    </ClInclude>
    <ClInclude Include="..\engine\common\neon_mathfun.h">
      <Filter>Header Files</Filter>
    </ClInclude>
    <ClInclude Include="..\engine\common\crtlib_inline.h">
      <Filter>Header Files</Filter>
    </ClInclude>
    <ClInclude Include="..\engine\common\sse_mathfun.h">
      <Filter>Header Files</Filter>
    </ClInclude>
    <ClInclude Include="..\engine\common\protocol.h">
      <Filter>Header Files</Filter>
    </ClInclude>
    <ClInclude Include="..\engine\common\common.h">
      <Filter>Header Files</Filter>
    </ClInclude>
    <ClInclude Include="..\engine\common\pm_local.h">
      <Filter>Header Files</Filter>
    </ClInclude>
    <ClInclude Include="..\engine\common\crtlib.h">
      <Filter>Header Files</Filter>
    </ClInclude>
    <ClInclude Include="..\engine\common\filesystem.h">
      <Filter>Header Files</Filter>
    </ClInclude>
    <ClInclude Include="..\engine\common\base_cmd.h">
      <Filter>Header Files</Filter>
    </ClInclude>
    <ClInclude Include="..\engine\common\netchan.h">
      <Filter>Header Files</Filter>
    </ClInclude>
    <ClInclude Include="..\engine\common\world.h">
      <Filter>Header Files</Filter>
    </ClInclude>
    <ClInclude Include="..\engine\common\mathlib.h">
      <Filter>Header Files</Filter>
    </ClInclude>
    <ClInclude Include="..\engine\common\library.h">
      <Filter>Header Files</Filter>
    </ClInclude>
    <ClInclude Include="..\engine\common\mod_local.h">
      <Filter>Header Files</Filter>
    </ClInclude>
    <ClInclude Include="..\engine\common\imagelib\imagelib.h">
      <Filter>Header Files</Filter>
    </ClInclude>
    <ClInclude Include="..\engine\common\soundlib\soundlib.h">
      <Filter>Header Files</Filter>
    </ClInclude>
    <ClInclude Include="..\engine\common\soundlib\libmpg\wavehdr.h">
      <Filter>Header Files</Filter>
    </ClInclude>
    <ClInclude Include="..\engine\common\soundlib\libmpg\mpg123.h">
      <Filter>Header Files</Filter>
    </ClInclude>
    <ClInclude Include="..\engine\common\soundlib\libmpg\libmpg.h">
      <Filter>Header Files</Filter>
    </ClInclude>
    <ClInclude Include="..\engine\common\soundlib\libmpg\l2tables.h">
      <Filter>Header Files</Filter>
    </ClInclude>
    <ClInclude Include="..\engine\common\soundlib\libmpg\mpglib.h">
      <Filter>Header Files</Filter>
    </ClInclude>
    <ClInclude Include="..\engine\common\soundlib\libmpg\huffman.h">
      <Filter>Header Files</Filter>
    </ClInclude>
    <ClInclude Include="..\engine\server\server.h">
      <Filter>Header Files</Filter>
    </ClInclude>
    <ClInclude Include="..\common\lightstyle.h">
      <Filter>Header Files</Filter>
    </ClInclude>
    <ClInclude Include="..\common\con_nprint.h">
      <Filter>Header Files</Filter>
    </ClInclude>
    <ClInclude Include="..\common\hltv.h">
      <Filter>Header Files</Filter>
    </ClInclude>
    <ClInclude Include="..\common\screenfade.h">
      <Filter>Header Files</Filter>
    </ClInclude>
    <ClInclude Include="..\common\r_efx.h">
      <Filter>Header Files</Filter>
    </ClInclude>
    <ClInclude Include="..\common\r_studioint.h">
      <Filter>Header Files</Filter>
    </ClInclude>
    <ClInclude Include="..\common\beamdef.h">
      <Filter>Header Files</Filter>
    </ClInclude>
    <ClInclude Include="..\common\triangleapi.h">
      <Filter>Header Files</Filter>
    </ClInclude>
    <ClInclude Include="..\common\kbutton.h">
      <Filter>Header Files</Filter>
    </ClInclude>
    <ClInclude Include="..\common\cvardef.h">
      <Filter>Header Files</Filter>
    </ClInclude>
    <ClInclude Include="..\common\dlight.h">
      <Filter>Header Files</Filter>
    </ClInclude>
    <ClInclude Include="..\common\const.h">
      <Filter>Header Files</Filter>
    </ClInclude>
    <ClInclude Include="..\common\engine_features.h">
      <Filter>Header Files</Filter>
    </ClInclude>
    <ClInclude Include="..\common\pmtrace.h">
      <Filter>Header Files</Filter>
    </ClInclude>
    <ClInclude Include="..\common\ref_params.h">
      <Filter>Header Files</Filter>
    </ClInclude>
    <ClInclude Include="..\common\bspfile.h">
      <Filter>Header Files</Filter>
    </ClInclude>
    <ClInclude Include="..\common\weaponinfo.h">
      <Filter>Header Files</Filter>
    </ClInclude>
    <ClInclude Include="..\common\backends.h">
      <Filter>Header Files</Filter>
    </ClInclude>
    <ClInclude Include="..\common\event_args.h">
      <Filter>Header Files</Filter>
    </ClInclude>
    <ClInclude Include="..\common\studio_event.h">
      <Filter>Header Files</Filter>
    </ClInclude>
    <ClInclude Include="..\common\defaults.h">
      <Filter>Header Files</Filter>
    </ClInclude>
    <ClInclude Include="..\common\qfont.h">
      <Filter>Header Files</Filter>
    </ClInclude>
    <ClInclude Include="..\common\gameinfo.h">
      <Filter>Header Files</Filter>
    </ClInclude>
    <ClInclude Include="..\common\event_flags.h">
      <Filter>Header Files</Filter>
    </ClInclude>
    <ClInclude Include="..\common\ivoicetweak.h">
      <Filter>Header Files</Filter>
    </ClInclude>
    <ClInclude Include="..\common\netadr.h">
      <Filter>Header Files</Filter>
    </ClInclude>
    <ClInclude Include="..\common\wrect.h">
      <Filter>Header Files</Filter>
    </ClInclude>
    <ClInclude Include="..\common\render_api.h">
      <Filter>Header Files</Filter>
    </ClInclude>
    <ClInclude Include="..\common\usercmd.h">
      <Filter>Header Files</Filter>
    </ClInclude>
    <ClInclude Include="..\common\particledef.h">
      <Filter>Header Files</Filter>
    </ClInclude>
    <ClInclude Include="..\common\cl_entity.h">
      <Filter>Header Files</Filter>
    </ClInclude>
    <ClInclude Include="..\common\net_api.h">
      <Filter>Header Files</Filter>
    </ClInclude>
    <ClInclude Include="..\common\types.h">
      <Filter>Header Files</Filter>
    </ClInclude>
    <ClInclude Include="..\common\entity_types.h">
      <Filter>Header Files</Filter>
    </ClInclude>
    <ClInclude Include="..\common\entity_state.h">
      <Filter>Header Files</Filter>
    </ClInclude>
    <ClInclude Include="..\common\event_api.h">
      <Filter>Header Files</Filter>
    </ClInclude>
    <ClInclude Include="..\common\mathlib.h">
      <Filter>Header Files</Filter>
    </ClInclude>
    <ClInclude Include="..\common\com_model.h">
      <Filter>Header Files</Filter>
    </ClInclude>
    <ClInclude Include="..\common\port.h">
      <Filter>Header Files</Filter>
    </ClInclude>
    <ClInclude Include="..\common\wadfile.h">
      <Filter>Header Files</Filter>
    </ClInclude>
    <ClInclude Include="..\common\demo_api.h">
      <Filter>Header Files</Filter>
    </ClInclude>
    <ClInclude Include="..\mainui\enginecallback.h">
      <Filter>Header Files</Filter>
    </ClInclude>
    <ClInclude Include="..\mainui\basemenu.h">
      <Filter>Header Files</Filter>
    </ClInclude>
    <ClInclude Include="..\mainui\ui_title_anim.h">
      <Filter>Header Files</Filter>
    </ClInclude>
    <ClInclude Include="..\mainui\menu_btnsbmp_table.h">
      <Filter>Header Files</Filter>
    </ClInclude>
    <ClInclude Include="..\mainui\utils.h">
      <Filter>Header Files</Filter>
    </ClInclude>
    <ClInclude Include="..\mainui\menu_strings.h">
      <Filter>Header Files</Filter>
    </ClInclude>
    <ClInclude Include="..\mainui\extdll.h">
      <Filter>Header Files</Filter>
    </ClInclude>
    <ClInclude Include="..\mainui\menufont.h">
      <Filter>Header Files</Filter>
    </ClInclude>
  </ItemGroup>
  <ItemGroup>
    <None Include="..\Makefile" />
  </ItemGroup>
</Project>